
Microsoft Visual Studio Solution File, Format Version 12.00
# Visual Studio Version 17
VisualStudioVersion = 17.11.35327.3
MinimumVisualStudioVersion = 10.0.40219.1
Project("{FAE04EC0-301F-11D3-BF4B-00C04F79EFBC}") = "EBookMVC", "EBookMVC\EBookMVC.csproj", "{032A7680-77DA-42BE-84C3-0CEE3B2F7C21}"
EndProject
Global
	GlobalSection(SolutionConfigurationPlatforms) = preSolution
		Debug|Any CPU = Debug|Any CPU
		Release|Any CPU = Release|Any CPU
	EndGlobalSection
	GlobalSection(ProjectConfigurationPlatforms) = postSolution
		{032A7680-77DA-42BE-84C3-0CEE3B2F7C21}.Debug|Any CPU.ActiveCfg = Debug|Any CPU
		{032A7680-77DA-42BE-84C3-0CEE3B2F7C21}.Debug|Any CPU.Build.0 = Debug|Any CPU
		{032A7680-77DA-42BE-84C3-0CEE3B2F7C21}.Release|Any CPU.ActiveCfg = Release|Any CPU
		{032A7680-77DA-42BE-84C3-0CEE3B2F7C21}.Release|Any CPU.Build.0 = Release|Any CPU
	EndGlobalSection
	GlobalSection(SolutionProperties) = preSolution
		HideSolutionNode = FALSE
	EndGlobalSection
	GlobalSection(ExtensibilityGlobals) = postSolution
		SolutionGuid = {90EBCFD7-5219-49BB-8C06-ACB7AF0C0331}
	EndGlobalSection
EndGlobal
